
Microsoft Visual Studio Solution File, Format Version 12.00
# Visual Studio Version 16
VisualStudioVersion = 16.0.32630.194
MinimumVisualStudioVersion = 10.0.40219.1
Project("{9A19103F-16F7-4668-BE54-9A1E7A4F7556}") = "MyTodoApp", "MyTodoApp.csproj", "{50BE7D13-C5F8-47A2-82DE-7557415B4B55}"
EndProject
Project("{FAE04EC0-301F-11D3-BF4B-00C04F79EFBC}") = "MyTodoApp.Domain", "..\MyTodoApp.Domain\MyTodoApp.Domain.csproj", "{6C573E73-12A5-4734-8008-286677857F20}"
EndProject
Project("{FAE04EC0-301F-11D3-BF4B-00C04F79EFBC}") = "MyTodoApp.Application", "..\MyTodoApp.Application\MyTodoApp.Application.csproj", "{A5B517D1-5B63-442C-852F-F6884DAFFCB4}"
EndProject
Project("{FAE04EC0-301F-11D3-BF4B-00C04F79EFBC}") = "MyTodoApp.Domain.Core", "..\MyTodoApp.Domain.Core\MyTodoApp.Domain.Core.csproj", "{DD483129-776D-43D9-B896-3826067115A3}"
EndProject
Project("{FAE04EC0-301F-11D3-BF4B-00C04F79EFBC}") = "MyTodoApp.CrossCutting.Bus", "..\MyTodoApp.CrossCutting.Bus\MyTodoApp.CrossCutting.Bus.csproj", "{AF1E7536-4078-401A-B4C4-CD7251C8F921}"
EndProject
Project("{FAE04EC0-301F-11D3-BF4B-00C04F79EFBC}") = "MyTodoApp.CrossCutting.IoC", "..\MyTodoApp.CrossCutting.IoC\MyTodoApp.CrossCutting.IoC.csproj", "{3A30390B-1EA4-4D23-B7E2-17DE72EE1772}"
EndProject
Project("{FAE04EC0-301F-11D3-BF4B-00C04F79EFBC}") = "MyTodoApp.CrossCutting.Identity", "..\MyTodoApp.CrossCutting.Identity\MyTodoApp.CrossCutting.Identity.csproj", "{2FFD52BC-D41B-480C-AA90-7FD4CF398986}"
EndProject
Project("{FAE04EC0-301F-11D3-BF4B-00C04F79EFBC}") = "MyTodoApp.Infra.Data", "..\MyTodoApp.Infra.Data\MyTodoApp.Infra.Data.csproj", "{85BF0A40-B0A9-4AA5-9CF3-8E17CBC279CD}"
EndProject
Global
	GlobalSection(SolutionConfigurationPlatforms) = preSolution
		Debug|Any CPU = Debug|Any CPU
		Release|Any CPU = Release|Any CPU
	EndGlobalSection
	GlobalSection(ProjectConfigurationPlatforms) = postSolution
		{50BE7D13-C5F8-47A2-82DE-7557415B4B55}.Debug|Any CPU.ActiveCfg = Debug|Any CPU
		{50BE7D13-C5F8-47A2-82DE-7557415B4B55}.Debug|Any CPU.Build.0 = Debug|Any CPU
		{50BE7D13-C5F8-47A2-82DE-7557415B4B55}.Release|Any CPU.ActiveCfg = Release|Any CPU
		{50BE7D13-C5F8-47A2-82DE-7557415B4B55}.Release|Any CPU.Build.0 = Release|Any CPU
		{6C573E73-12A5-4734-8008-286677857F20}.Debug|Any CPU.ActiveCfg = Debug|Any CPU
		{6C573E73-12A5-4734-8008-286677857F20}.Debug|Any CPU.Build.0 = Debug|Any CPU
		{6C573E73-12A5-4734-8008-286677857F20}.Release|Any CPU.ActiveCfg = Release|Any CPU
		{6C573E73-12A5-4734-8008-286677857F20}.Release|Any CPU.Build.0 = Release|Any CPU
		{A5B517D1-5B63-442C-852F-F6884DAFFCB4}.Debug|Any CPU.ActiveCfg = Debug|Any CPU
		{A5B517D1-5B63-442C-852F-F6884DAFFCB4}.Debug|Any CPU.Build.0 = Debug|Any CPU
		{A5B517D1-5B63-442C-852F-F6884DAFFCB4}.Release|Any CPU.ActiveCfg = Release|Any CPU
		{A5B517D1-5B63-442C-852F-F6884DAFFCB4}.Release|Any CPU.Build.0 = Release|Any CPU
		{DD483129-776D-43D9-B896-3826067115A3}.Debug|Any CPU.ActiveCfg = Debug|Any CPU
		{DD483129-776D-43D9-B896-3826067115A3}.Debug|Any CPU.Build.0 = Debug|Any CPU
		{DD483129-776D-43D9-B896-3826067115A3}.Release|Any CPU.ActiveCfg = Release|Any CPU
		{DD483129-776D-43D9-B896-3826067115A3}.Release|Any CPU.Build.0 = Release|Any CPU
		{AF1E7536-4078-401A-B4C4-CD7251C8F921}.Debug|Any CPU.ActiveCfg = Debug|Any CPU
		{AF1E7536-4078-401A-B4C4-CD7251C8F921}.Debug|Any CPU.Build.0 = Debug|Any CPU
		{AF1E7536-4078-401A-B4C4-CD7251C8F921}.Release|Any CPU.ActiveCfg = Release|Any CPU
		{AF1E7536-4078-401A-B4C4-CD7251C8F921}.Release|Any CPU.Build.0 = Release|Any CPU
		{3A30390B-1EA4-4D23-B7E2-17DE72EE1772}.Debug|Any CPU.ActiveCfg = Debug|Any CPU
		{3A30390B-1EA4-4D23-B7E2-17DE72EE1772}.Debug|Any CPU.Build.0 = Debug|Any CPU
		{3A30390B-1EA4-4D23-B7E2-17DE72EE1772}.Release|Any CPU.ActiveCfg = Release|Any CPU
		{3A30390B-1EA4-4D23-B7E2-17DE72EE1772}.Release|Any CPU.Build.0 = Release|Any CPU
		{2FFD52BC-D41B-480C-AA90-7FD4CF398986}.Debug|Any CPU.ActiveCfg = Debug|Any CPU
		{2FFD52BC-D41B-480C-AA90-7FD4CF398986}.Debug|Any CPU.Build.0 = Debug|Any CPU
		{2FFD52BC-D41B-480C-AA90-7FD4CF398986}.Release|Any CPU.ActiveCfg = Release|Any CPU
		{2FFD52BC-D41B-480C-AA90-7FD4CF398986}.Release|Any CPU.Build.0 = Release|Any CPU
		{85BF0A40-B0A9-4AA5-9CF3-8E17CBC279CD}.Debug|Any CPU.ActiveCfg = Debug|Any CPU
		{85BF0A40-B0A9-4AA5-9CF3-8E17CBC279CD}.Debug|Any CPU.Build.0 = Debug|Any CPU
		{85BF0A40-B0A9-4AA5-9CF3-8E17CBC279CD}.Release|Any CPU.ActiveCfg = Release|Any CPU
		{85BF0A40-B0A9-4AA5-9CF3-8E17CBC279CD}.Release|Any CPU.Build.0 = Release|Any CPU
	EndGlobalSection
	GlobalSection(SolutionProperties) = preSolution
		HideSolutionNode = FALSE
	EndGlobalSection
	GlobalSection(ExtensibilityGlobals) = postSolution
		SolutionGuid = {C09F3925-6FAD-46A6-9D6B-400866C9986F}
	EndGlobalSection
EndGlobal
