
Microsoft Visual Studio Solution File, Format Version 12.00
# Visual Studio Version 16
VisualStudioVersion = 16.0.32630.194
MinimumVisualStudioVersion = 10.0.40219.1
Project("{FAE04EC0-301F-11D3-BF4B-00C04F79EFBC}") = "Template-Modelo.WebAPI", "Template-Modelo.WebAPI\Template-Modelo.WebAPI.csproj", "{80EB19B1-8FF0-4328-BABB-D1B04C114247}"
EndProject
Project("{2150E333-8FDC-42A3-9474-1A3956D46DE8}") = "0 - Presentation", "0 - Presentation", "{D4EA1EE8-7224-483F-8368-CE78F4081B1B}"
EndProject
Project("{2150E333-8FDC-42A3-9474-1A3956D46DE8}") = "1 - Services", "1 - Services", "{9CA31D8B-5FAF-45A1-815E-ACF36E13B007}"
EndProject
Project("{2150E333-8FDC-42A3-9474-1A3956D46DE8}") = "2 - Application", "2 - Application", "{21F72EA1-FFEF-4EC1-98A6-C8A7D8AB0DE9}"
EndProject
Project("{2150E333-8FDC-42A3-9474-1A3956D46DE8}") = "3 - Domain", "3 - Domain", "{DF3A87E1-267E-4005-BE98-43C8CC2ADE71}"
EndProject
Project("{2150E333-8FDC-42A3-9474-1A3956D46DE8}") = "4 - Infra", "4 - Infra", "{9A746351-4207-492C-B2E9-6D6D97CC6FD4}"
EndProject
Project("{2150E333-8FDC-42A3-9474-1A3956D46DE8}") = "5 - Test", "5 - Test", "{9D290A79-342C-47F3-A72E-D276B7C45026}"
EndProject
Project("{FAE04EC0-301F-11D3-BF4B-00C04F79EFBC}") = "Template-Modelo.Domain", "Template-Modelo.Domain\Template-Modelo.Domain.csproj", "{A115A548-BDAC-45AB-AC0A-319484815BD9}"
EndProject
Project("{FAE04EC0-301F-11D3-BF4B-00C04F79EFBC}") = "Template-Modelo.Infra.Data", "Template-Modelo.Infra.Data\Template-Modelo.Infra.Data.csproj", "{38D2490D-B8A8-464C-8891-9884D810275D}"
EndProject
Project("{FAE04EC0-301F-11D3-BF4B-00C04F79EFBC}") = "Template-Modelo.Application", "Template-Modelo.Application\Template-Modelo.Application.csproj", "{BE050802-660A-46B9-9103-746513FFDBA6}"
EndProject
Global
	GlobalSection(SolutionConfigurationPlatforms) = preSolution
		Debug|Any CPU = Debug|Any CPU
		Release|Any CPU = Release|Any CPU
	EndGlobalSection
	GlobalSection(ProjectConfigurationPlatforms) = postSolution
		{80EB19B1-8FF0-4328-BABB-D1B04C114247}.Debug|Any CPU.ActiveCfg = Debug|Any CPU
		{80EB19B1-8FF0-4328-BABB-D1B04C114247}.Debug|Any CPU.Build.0 = Debug|Any CPU
		{80EB19B1-8FF0-4328-BABB-D1B04C114247}.Release|Any CPU.ActiveCfg = Release|Any CPU
		{80EB19B1-8FF0-4328-BABB-D1B04C114247}.Release|Any CPU.Build.0 = Release|Any CPU
		{A115A548-BDAC-45AB-AC0A-319484815BD9}.Debug|Any CPU.ActiveCfg = Debug|Any CPU
		{A115A548-BDAC-45AB-AC0A-319484815BD9}.Debug|Any CPU.Build.0 = Debug|Any CPU
		{A115A548-BDAC-45AB-AC0A-319484815BD9}.Release|Any CPU.ActiveCfg = Release|Any CPU
		{A115A548-BDAC-45AB-AC0A-319484815BD9}.Release|Any CPU.Build.0 = Release|Any CPU
		{38D2490D-B8A8-464C-8891-9884D810275D}.Debug|Any CPU.ActiveCfg = Debug|Any CPU
		{38D2490D-B8A8-464C-8891-9884D810275D}.Debug|Any CPU.Build.0 = Debug|Any CPU
		{38D2490D-B8A8-464C-8891-9884D810275D}.Release|Any CPU.ActiveCfg = Release|Any CPU
		{38D2490D-B8A8-464C-8891-9884D810275D}.Release|Any CPU.Build.0 = Release|Any CPU
		{BE050802-660A-46B9-9103-746513FFDBA6}.Debug|Any CPU.ActiveCfg = Debug|Any CPU
		{BE050802-660A-46B9-9103-746513FFDBA6}.Debug|Any CPU.Build.0 = Debug|Any CPU
		{BE050802-660A-46B9-9103-746513FFDBA6}.Release|Any CPU.ActiveCfg = Release|Any CPU
		{BE050802-660A-46B9-9103-746513FFDBA6}.Release|Any CPU.Build.0 = Release|Any CPU
	EndGlobalSection
	GlobalSection(SolutionProperties) = preSolution
		HideSolutionNode = FALSE
	EndGlobalSection
	GlobalSection(NestedProjects) = preSolution
		{80EB19B1-8FF0-4328-BABB-D1B04C114247} = {D4EA1EE8-7224-483F-8368-CE78F4081B1B}
		{A115A548-BDAC-45AB-AC0A-319484815BD9} = {DF3A87E1-267E-4005-BE98-43C8CC2ADE71}
		{38D2490D-B8A8-464C-8891-9884D810275D} = {9A746351-4207-492C-B2E9-6D6D97CC6FD4}
		{BE050802-660A-46B9-9103-746513FFDBA6} = {21F72EA1-FFEF-4EC1-98A6-C8A7D8AB0DE9}
	EndGlobalSection
	GlobalSection(ExtensibilityGlobals) = postSolution
		SolutionGuid = {94B8CAFE-25A0-4064-B54B-15F2DCC82891}
	EndGlobalSection
EndGlobal
